
Microsoft Visual Studio Solution File, Format Version 11.00
# Visual Studio 2010
Project("{E24C65DC-7377-472B-9ABA-BC803B73C61A}") = "localhost", "http://localhost:1881", "{AC2A0A7D-160C-4E67-9162-FB4836223C6A}"
	ProjectSection(WebsiteProperties) = preProject
		UseIISExpress = "true"
		TargetFrameworkMoniker = ".NETFramework,Version%3Dv4.0"
		Debug.AspNetCompiler.VirtualPath = "/TRNService"
		Debug.AspNetCompiler.PhysicalPath = "..\..\..\..\Desktop\Ronique Major Project\TRNService\"
		Debug.AspNetCompiler.TargetPath = "PrecompiledWeb\TRNService\"
		Debug.AspNetCompiler.Updateable = "true"
		Debug.AspNetCompiler.ForceOverwrite = "true"
		Debug.AspNetCompiler.FixedNames = "false"
		Debug.AspNetCompiler.Debug = "True"
		Release.AspNetCompiler.VirtualPath = "/TRNService"
		Release.AspNetCompiler.PhysicalPath = "..\..\..\..\Desktop\Ronique Major Project\TRNService\"
		Release.AspNetCompiler.TargetPath = "PrecompiledWeb\TRNService\"
		Release.AspNetCompiler.Updateable = "true"
		Release.AspNetCompiler.ForceOverwrite = "true"
		Release.AspNetCompiler.FixedNames = "false"
		Release.AspNetCompiler.Debug = "False"
		SlnRelativePath = "..\..\..\..\Desktop\Ronique Major Project\TRNService\"
	EndProjectSection
EndProject
Global
	GlobalSection(SolutionConfigurationPlatforms) = preSolution
		Debug|Any CPU = Debug|Any CPU
	EndGlobalSection
	GlobalSection(ProjectConfigurationPlatforms) = postSolution
		{AC2A0A7D-160C-4E67-9162-FB4836223C6A}.Debug|Any CPU.ActiveCfg = Debug|Any CPU
		{AC2A0A7D-160C-4E67-9162-FB4836223C6A}.Debug|Any CPU.Build.0 = Debug|Any CPU
	EndGlobalSection
	GlobalSection(SolutionProperties) = preSolution
		HideSolutionNode = FALSE
	EndGlobalSection
EndGlobal
